// !$*UTF8*$!
{
	archiveVersion = 1;
	classes = {
	};
	objectVersion = 46;
	objects = {

/* Begin PBXBuildFile section */
		DFD923F61B2F0E14001A888B /* main.m in Sources */ = {isa = PBXBuildFile; fileRef = DFD923F51B2F0E14001A888B /* main.m */; };
		DFD923F91B2F0E14001A888B /* AppDelegate.m in Sources */ = {isa = PBXBuildFile; fileRef = DFD923F81B2F0E14001A888B /* AppDelegate.m */; };
		DFD923FC1B2F0E14001A888B /* FirstAppViewController.m in Sources */ = {isa = PBXBuildFile; fileRef = DFD923FB1B2F0E14001A888B /* FirstAppViewController.m */; };
		DFD923FF1B2F0E14001A888B /* Main.storyboard in Resources */ = {isa = PBXBuildFile; fileRef = DFD923FD1B2F0E14001A888B /* Main.storyboard */; };
		DFD924011B2F0E14001A888B /* Images.xcassets in Resources */ = {isa = PBXBuildFile; fileRef = DFD924001B2F0E14001A888B /* Images.xcassets */; };
		DFD924041B2F0E14001A888B /* LaunchScreen.xib in Resources */ = {isa = PBXBuildFile; fileRef = DFD924021B2F0E14001A888B /* LaunchScreen.xib */; };
		DFD924101B2F0E15001A888B /* FirstAppTests.m in Sources */ = {isa = PBXBuildFile; fileRef = DFD9240F1B2F0E15001A888B /* FirstAppTests.m */; };
/* End PBXBuildFile section */

/* Begin PBXContainerItemProxy section */
		DFD9240A1B2F0E15001A888B /* PBXContainerItemProxy */ = {
			isa = PBXContainerItemProxy;
			containerPortal = DFD923E81B2F0E14001A888B /* Project object */;
			proxyType = 1;
			remoteGlobalIDString = DFD923EF1B2F0E14001A888B;
			remoteInfo = FirstApp;
		};
/* End PBXContainerItemProxy section */

/* Begin PBXFileReference section */
		DFD923F01B2F0E14001A888B /* FirstApp.app */ = {isa = PBXFileReference; explicitFileType = wrapper.application; includeInIndex = 0; path = FirstApp.app; sourceTree = BUILT_PRODUCTS_DIR; };
		DFD923F41B2F0E14001A888B /* Info.plist */ = {isa = PBXFileReference; lastKnownFileType = text.plist.xml; path = Info.plist; sourceTree = "<group>"; };
		DFD923F51B2F0E14001A888B /* main.m */ = {isa = PBXFileReference; lastKnownFileType = sourcecode.c.objc; path = main.m; sourceTree = "<group>"; };
		DFD923F71B2F0E14001A888B /* AppDelegate.h */ = {isa = PBXFileReference; lastKnownFileType = sourcecode.c.h; path = AppDelegate.h; sourceTree = "<group>"; };
		DFD923F81B2F0E14001A888B /* AppDelegate.m */ = {isa = PBXFileReference; lastKnownFileType = sourcecode.c.objc; path = AppDelegate.m; sourceTree = "<group>"; };
		DFD923FA1B2F0E14001A888B /* FirstAppViewController.h */ = {isa = PBXFileReference; lastKnownFileType = sourcecode.c.h; path = FirstAppViewController.h; sourceTree = "<group>"; };
		DFD923FB1B2F0E14001A888B /* FirstAppViewController.m */ = {isa = PBXFileReference; lastKnownFileType = sourcecode.c.objc; path = FirstAppViewController.m; sourceTree = "<group>"; };
		DFD923FE1B2F0E14001A888B /* Base */ = {isa = PBXFileReference; lastKnownFileType = file.storyboard; name = Base; path = Base.lproj/Main.storyboard; sourceTree = "<group>"; };
		DFD924001B2F0E14001A888B /* Images.xcassets */ = {isa = PBXFileReference; lastKnownFileType = folder.assetcatalog; path = Images.xcassets; sourceTree = "<group>"; };
		DFD924031B2F0E14001A888B /* Base */ = {isa = PBXFileReference; lastKnownFileType = file.xib; name = Base; path = Base.lproj/LaunchScreen.xib; sourceTree = "<group>"; };
		DFD924091B2F0E15001A888B /* FirstAppTests.xctest */ = {isa = PBXFileReference; explicitFileType = wrapper.cfbundle; includeInIndex = 0; path = FirstAppTests.xctest; sourceTree = BUILT_PRODUCTS_DIR; };
		DFD9240E1B2F0E15001A888B /* Info.plist */ = {isa = PBXFileReference; lastKnownFileType = text.plist.xml; path = Info.plist; sourceTree = "<group>"; };
		DFD9240F1B2F0E15001A888B /* FirstAppTests.m */ = {isa = PBXFileReference; lastKnownFileType = sourcecode.c.objc; path = FirstAppTests.m; sourceTree = "<group>"; };
/* End PBXFileReference section */

/* Begin PBXFrameworksBuildPhase section */
		DFD923ED1B2F0E14001A888B /* Frameworks */ = {
			isa = PBXFrameworksBuildPhase;
			buildActionMask = 2147483647;
			files = (
			);
			runOnlyForDeploymentPostprocessing = 0;
		};
		DFD924061B2F0E15001A888B /* Frameworks */ = {
			isa = PBXFrameworksBuildPhase;
			buildActionMask = 2147483647;
			files = (
			);
			runOnlyForDeploymentPostprocessing = 0;
		};
/* End PBXFrameworksBuildPhase section */

/* Begin PBXGroup section */
		DFD923E71B2F0E14001A888B = {
			isa = PBXGroup;
			children = (
				DFD923F21B2F0E14001A888B /* FirstApp */,
				DFD9240C1B2F0E15001A888B /* FirstAppTests */,
				DFD923F11B2F0E14001A888B /* Products */,
			);
			sourceTree = "<group>";
		};
		DFD923F11B2F0E14001A888B /* Products */ = {
			isa = PBXGroup;
			children = (
				DFD923F01B2F0E14001A888B /* FirstApp.app */,
				DFD924091B2F0E15001A888B /* FirstAppTests.xctest */,
			);
			name = Products;
			sourceTree = "<group>";
		};
		DFD923F21B2F0E14001A888B /* FirstApp */ = {
			isa = PBXGroup;
			children = (
				DFD923F71B2F0E14001A888B /* AppDelegate.h */,
				DFD923F81B2F0E14001A888B /* AppDelegate.m */,
				DFD923FA1B2F0E14001A888B /* FirstAppViewController.h */,
				DFD923FB1B2F0E14001A888B /* FirstAppViewController.m */,
				DFD923FD1B2F0E14001A888B /* Main.storyboard */,
				DFD924001B2F0E14001A888B /* Images.xcassets */,
				DFD924021B2F0E14001A888B /* LaunchScreen.xib */,
				DFD923F31B2F0E14001A888B /* Supporting Files */,
			);
			path = FirstApp;
			sourceTree = "<group>";
		};
		DFD923F31B2F0E14001A888B /* Supporting Files */ = {
			isa = PBXGroup;
			children = (
				DFD923F41B2F0E14001A888B /* Info.plist */,
				DFD923F51B2F0E14001A888B /* main.m */,
			);
			name = "Supporting Files";
			sourceTree = "<group>";
		};
		DFD9240C1B2F0E15001A888B /* FirstAppTests */ = {
			isa = PBXGroup;
			children = (
				DFD9240F1B2F0E15001A888B /* FirstAppTests.m */,
				DFD9240D1B2F0E15001A888B /* Supporting Files */,
			);
			path = FirstAppTests;
			sourceTree = "<group>";
		};
		DFD9240D1B2F0E15001A888B /* Supporting Files */ = {
			isa = PBXGroup;
			children = (
				DFD9240E1B2F0E15001A888B /* Info.plist */,
			);
			name = "Supporting Files";
			sourceTree = "<group>";
		};
/* End PBXGroup section */

/* Begin PBXNativeTarget section */
		DFD923EF1B2F0E14001A888B /* FirstApp */ = {
			isa = PBXNativeTarget;
			buildConfigurationList = DFD924131B2F0E15001A888B /* Build configuration list for PBXNativeTarget "FirstApp" */;
			buildPhases = (
				DFD923EC1B2F0E14001A888B /* Sources */,
				DFD923ED1B2F0E14001A888B /* Frameworks */,
				DFD923EE1B2F0E14001A888B /* Resources */,
			);
			buildRules = (
			);
			dependencies = (
			);
			name = FirstApp;
			productName = FirstApp;
			productReference = DFD923F01B2F0E14001A888B /* FirstApp.app */;
			productType = "com.apple.product-type.application";
		};
		DFD924081B2F0E15001A888B /* FirstAppTests */ = {
			isa = PBXNativeTarget;
			buildConfigurationList = DFD924161B2F0E15001A888B /* Build configuration list for PBXNativeTarget "FirstAppTests" */;
			buildPhases = (
				DFD924051B2F0E15001A888B /* Sources */,
				DFD924061B2F0E15001A888B /* Frameworks */,
				DFD924071B2F0E15001A888B /* Resources */,
			);
			buildRules = (
			);
			dependencies = (
				DFD9240B1B2F0E15001A888B /* PBXTargetDependency */,
			);
			name = FirstAppTests;
			productName = FirstAppTests;
			productReference = DFD924091B2F0E15001A888B /* FirstAppTests.xctest */;
			productType = "com.apple.product-type.bundle.unit-test";
		};
/* End PBXNativeTarget section */

/* Begin PBXProject section */
		DFD923E81B2F0E14001A888B /* Project object */ = {
			isa = PBXProject;
			attributes = {
				LastUpgradeCheck = 0630;
				ORGANIZATIONNAME = "The Iron Yard";
				TargetAttributes = {
					DFD923EF1B2F0E14001A888B = {
						CreatedOnToolsVersion = 6.3.1;
					};
					DFD924081B2F0E15001A888B = {
						CreatedOnToolsVersion = 6.3.1;
						TestTargetID = DFD923EF1B2F0E14001A888B;
					};
				};
			};
			buildConfigurationList = DFD923EB1B2F0E14001A888B /* Build configuration list for PBXProject "FirstApp" */;
			compatibilityVersion = "Xcode 3.2";
			developmentRegion = English;
			hasScannedForEncodings = 0;
			knownRegions = (
				en,
				Base,
			);
			mainGroup = DFD923E71B2F0E14001A888B;
			productRefGroup = DFD923F11B2F0E14001A888B /* Products */;
			projectDirPath = "";
			projectRoot = "";
			targets = (
				DFD923EF1B2F0E14001A888B /* FirstApp */,
				DFD924081B2F0E15001A888B /* FirstAppTests */,
			);
		};
/* End PBXProject section */

/* Begin PBXResourcesBuildPhase section */
		DFD923EE1B2F0E14001A888B /* Resources */ = {
			isa = PBXResourcesBuildPhase;
			buildActionMask = 2147483647;
			files = (
				DFD923FF1B2F0E14001A888B /* Main.storyboard in Resources */,
				DFD924041B2F0E14001A888B /* LaunchScreen.xib in Resources */,
				DFD924011B2F0E14001A888B /* Images.xcassets in Resources */,
			);
			runOnlyForDeploymentPostprocessing = 0;
		};
		DFD924071B2F0E15001A888B /* Resources */ = {
			isa = PBXResourcesBuildPhase;
			buildActionMask = 2147483647;
			files = (
			);
			runOnlyForDeploymentPostprocessing = 0;
		};
/* End PBXResourcesBuildPhase section */

/* Begin PBXSourcesBuildPhase section */
		DFD923EC1B2F0E14001A888B /* Sources */ = {
			isa = PBXSourcesBuildPhase;
			buildActionMask = 2147483647;
			files = (
				DFD923FC1B2F0E14001A888B /* FirstAppViewController.m in Sources */,
				DFD923F91B2F0E14001A888B /* AppDelegate.m in Sources */,
				DFD923F61B2F0E14001A888B /* main.m in Sources */,
			);
			runOnlyForDeploymentPostprocessing = 0;
		};
		DFD924051B2F0E15001A888B /* Sources */ = {
			isa = PBXSourcesBuildPhase;
			buildActionMask = 2147483647;
			files = (
				DFD924101B2F0E15001A888B /* FirstAppTests.m in Sources */,
			);
			runOnlyForDeploymentPostprocessing = 0;
		};
/* End PBXSourcesBuildPhase section */

/* Begin PBXTargetDependency section */
		DFD9240B1B2F0E15001A888B /* PBXTargetDependency */ = {
			isa = PBXTargetDependency;
			target = DFD923EF1B2F0E14001A888B /* FirstApp */;
			targetProxy = DFD9240A1B2F0E15001A888B /* PBXContainerItemProxy */;
		};
/* End PBXTargetDependency section */

/* Begin PBXVariantGroup section */
		DFD923FD1B2F0E14001A888B /* Main.storyboard */ = {
			isa = PBXVariantGroup;
			children = (
				DFD923FE1B2F0E14001A888B /* Base */,
			);
			name = Main.storyboard;
			sourceTree = "<group>";
		};
		DFD924021B2F0E14001A888B /* LaunchScreen.xib */ = {
			isa = PBXVariantGroup;
			children = (
				DFD924031B2F0E14001A888B /* Base */,
			);
			name = LaunchScreen.xib;
			sourceTree = "<group>";
		};
/* End PBXVariantGroup section */

/* Begin XCBuildConfiguration section */
		DFD924111B2F0E15001A888B /* Debug */ = {
			isa = XCBuildConfiguration;
			buildSettings = {
				ALWAYS_SEARCH_USER_PATHS = NO;
				CLANG_CXX_LANGUAGE_STANDARD = "gnu++0x";
				CLANG_CXX_LIBRARY = "libc++";
				CLANG_ENABLE_MODULES = YES;
				CLANG_ENABLE_OBJC_ARC = YES;
				CLANG_WARN_BOOL_CONVERSION = YES;
				CLANG_WARN_CONSTANT_CONVERSION = YES;
				CLANG_WARN_DIRECT_OBJC_ISA_USAGE = YES_ERROR;
				CLANG_WARN_EMPTY_BODY = YES;
				CLANG_WARN_ENUM_CONVERSION = YES;
				CLANG_WARN_INT_CONVERSION = YES;
				CLANG_WARN_OBJC_ROOT_CLASS = YES_ERROR;
				CLANG_WARN_UNREACHABLE_CODE = YES;
				CLANG_WARN__DUPLICATE_METHOD_MATCH = YES;
				"CODE_SIGN_IDENTITY[sdk=iphoneos*]" = "iPhone Developer";
				COPY_PHASE_STRIP = NO;
				DEBUG_INFORMATION_FORMAT = "dwarf-with-dsym";
				ENABLE_STRICT_OBJC_MSGSEND = YES;
				GCC_C_LANGUAGE_STANDARD = gnu99;
				GCC_DYNAMIC_NO_PIC = NO;
				GCC_NO_COMMON_BLOCKS = YES;
				GCC_OPTIMIZATION_LEVEL = 0;
				GCC_PREPROCESSOR_DEFINITIONS = (
					"DEBUG=1",
					"$(inherited)",
				);
				GCC_SYMBOLS_PRIVATE_EXTERN = NO;
				GCC_WARN_64_TO_32_BIT_CONVERSION = YES;
				GCC_WARN_ABOUT_RETURN_TYPE = YES_ERROR;
				GCC_WARN_UNDECLARED_SELECTOR = YES;
				GCC_WARN_UNINITIALIZED_AUTOS = YES_AGGRESSIVE;
				GCC_WARN_UNUSED_FUNCTION = YES;
				GCC_WARN_UNUSED_VARIABLE = YES;
				IPHONEOS_DEPLOYMENT_TARGET = 8.3;
				MTL_ENABLE_DEBUG_INFO = YES;
				ONLY_ACTIVE_ARCH = YES;
				SDKROOT = iphoneos;
			};
			name = Debug;
		};
		DFD924121B2F0E15001A888B /* Release */ = {
			isa = XCBuildConfiguration;
			buildSettings = {
				ALWAYS_SEARCH_USER_PATHS = NO;
				CLANG_CXX_LANGUAGE_STANDARD = "gnu++0x";
				CLANG_CXX_LIBRARY = "libc++";
				CLANG_ENABLE_MODULES = YES;
				CLANG_ENABLE_OBJC_ARC = YES;
				CLANG_WARN_BOOL_CONVERSION = YES;
				CLANG_WARN_CONSTANT_CONVERSION = YES;
				CLANG_WARN_DIRECT_OBJC_ISA_USAGE = YES_ERROR;
				CLANG_WARN_EMPTY_BODY = YES;
				CLANG_WARN_ENUM_CONVERSION = YES;
				CLANG_WARN_INT_CONVERSION = YES;
				CLANG_WARN_OBJC_ROOT_CLASS = YES_ERROR;
				CLANG_WARN_UNREACHABLE_CODE = YES;
				CLANG_WARN__DUPLICATE_METHOD_MATCH = YES;
				"CODE_SIGN_IDENTITY[sdk=iphoneos*]" = "iPhone Developer";
				COPY_PHASE_STRIP = NO;
				DEBUG_INFORMATION_FORMAT = "dwarf-with-dsym";
				ENABLE_NS_ASSERTIONS = NO;
				ENABLE_STRICT_OBJC_MSGSEND = YES;
				GCC_C_LANGUAGE_STANDARD = gnu99;
				GCC_NO_COMMON_BLOCKS = YES;
				GCC_WARN_64_TO_32_BIT_CONVERSION = YES;
				GCC_WARN_ABOUT_RETURN_TYPE = YES_ERROR;
				GCC_WARN_UNDECLARED_SELECTOR = YES;
				GCC_WARN_UNINITIALIZED_AUTOS = YES_AGGRESSIVE;
				GCC_WARN_UNUSED_FUNCTION = YES;
				GCC_WARN_UNUSED_VARIABLE = YES;
				IPHONEOS_DEPLOYMENT_TARGET = 8.3;
				MTL_ENABLE_DEBUG_INFO = NO;
				SDKROOT = iphoneos;
				VALIDATE_PRODUCT = YES;
			};
			name = Release;
		};
		DFD924141B2F0E15001A888B /* Debug */ = {
			isa = XCBuildConfiguration;
			buildSettings = {
				ASSETCATALOG_COMPILER_APPICON_NAME = AppIcon;
				INFOPLIST_FILE = FirstApp/Info.plist;
				LD_RUNPATH_SEARCH_PATHS = "$(inherited) @executable_path/Frameworks";
				PRODUCT_NAME = "$(TARGET_NAME)";
			};
			name = Debug;
		};
		DFD924151B2F0E15001A888B /* Release */ = {
			isa = XCBuildConfiguration;
			buildSettings = {
				ASSETCATALOG_COMPILER_APPICON_NAME = AppIcon;
				INFOPLIST_FILE = FirstApp/Info.plist;
				LD_RUNPATH_SEARCH_PATHS = "$(inherited) @executable_path/Frameworks";
				PRODUCT_NAME = "$(TARGET_NAME)";
			};
			name = Release;
		};
		DFD924171B2F0E15001A888B /* Debug */ = {
			isa = XCBuildConfiguration;
			buildSettings = {
				BUNDLE_LOADER = "$(TEST_HOST)";
				FRAMEWORK_SEARCH_PATHS = (
					"$(SDKROOT)/Developer/Library/Frameworks",
					"$(inherited)",
				);
				GCC_PREPROCESSOR_DEFINITIONS = (
					"DEBUG=1",
					"$(inherited)",
				);
				INFOPLIST_FILE = FirstAppTests/Info.plist;
				LD_RUNPATH_SEARCH_PATHS = "$(inherited) @executable_path/Frameworks @loader_path/Frameworks";
				PRODUCT_NAME = "$(TARGET_NAME)";
				TEST_HOST = "$(BUILT_PRODUCTS_DIR)/FirstApp.app/FirstApp";
			};
			name = Debug;
		};
		DFD924181B2F0E15001A888B /* Release */ = {
			isa = XCBuildConfiguration;
			buildSettings = {
				BUNDLE_LOADER = "$(TEST_HOST)";
				FRAMEWORK_SEARCH_PATHS = (
					"$(SDKROOT)/Developer/Library/Frameworks",
					"$(inherited)",
				);
				INFOPLIST_FILE = FirstAppTests/Info.plist;
				LD_RUNPATH_SEARCH_PATHS = "$(inherited) @executable_path/Frameworks @loader_path/Frameworks";
				PRODUCT_NAME = "$(TARGET_NAME)";
				TEST_HOST = "$(BUILT_PRODUCTS_DIR)/FirstApp.app/FirstApp";
			};
			name = Release;
		};
/* End XCBuildConfiguration section */

/* Begin XCConfigurationList section */
		DFD923EB1B2F0E14001A888B /* Build configuration list for PBXProject "FirstApp" */ = {
			isa = XCConfigurationList;
			buildConfigurations = (
				DFD924111B2F0E15001A888B /* Debug */,
				DFD924121B2F0E15001A888B /* Release */,
			);
			defaultConfigurationIsVisible = 0;
			defaultConfigurationName = Release;
		};
		DFD924131B2F0E15001A888B /* Build configuration list for PBXNativeTarget "FirstApp" */ = {
			isa = XCConfigurationList;
			buildConfigurations = (
				DFD924141B2F0E15001A888B /* Debug */,
				DFD924151B2F0E15001A888B /* Release */,
			);
			defaultConfigurationIsVisible = 0;
		};
		DFD924161B2F0E15001A888B /* Build configuration list for PBXNativeTarget "FirstAppTests" */ = {
			isa = XCConfigurationList;
			buildConfigurations = (
				DFD924171B2F0E15001A888B /* Debug */,
				DFD924181B2F0E15001A888B /* Release */,
			);
			defaultConfigurationIsVisible = 0;
		};
/* End XCConfigurationList section */
	};
	rootObject = DFD923E81B2F0E14001A888B /* Project object */;
}
