// !$*UTF8*$!
{
	archiveVersion = 1;
	classes = {
	};
	objectVersion = 46;
	objects = {

/* Begin PBXBuildFile section */
		74798E961B7396570067E94D /* main.m in Sources */ = {isa = PBXBuildFile; fileRef = 74798E951B7396570067E94D /* main.m */; };
		74798E991B7396570067E94D /* AppDelegate.m in Sources */ = {isa = PBXBuildFile; fileRef = 74798E981B7396570067E94D /* AppDelegate.m */; };
		74798E9F1B7396570067E94D /* Main.storyboard in Resources */ = {isa = PBXBuildFile; fileRef = 74798E9D1B7396570067E94D /* Main.storyboard */; };
		74798EA11B7396570067E94D /* Images.xcassets in Resources */ = {isa = PBXBuildFile; fileRef = 74798EA01B7396570067E94D /* Images.xcassets */; };
		74798EA41B7396570067E94D /* LaunchScreen.xib in Resources */ = {isa = PBXBuildFile; fileRef = 74798EA21B7396570067E94D /* LaunchScreen.xib */; };
		74798EB01B7396570067E94D /* IronTipsTests.m in Sources */ = {isa = PBXBuildFile; fileRef = 74798EAF1B7396570067E94D /* IronTipsTests.m */; };
		74798EBB1B73A3470067E94D /* LoginViewController.m in Sources */ = {isa = PBXBuildFile; fileRef = 74798EBA1B73A3470067E94D /* LoginViewController.m */; };
		74798EBE1B73A35E0067E94D /* RegisterViewController.m in Sources */ = {isa = PBXBuildFile; fileRef = 74798EBD1B73A35E0067E94D /* RegisterViewController.m */; };
		74798EC11B73BA6A0067E94D /* TipsTableViewController.m in Sources */ = {isa = PBXBuildFile; fileRef = 74798EC01B73BA6A0067E94D /* TipsTableViewController.m */; };
		74C2C7571B7A3445007522EC /* TipCell.m in Sources */ = {isa = PBXBuildFile; fileRef = 74C2C7561B7A3445007522EC /* TipCell.m */; };
		74C2C75A1B7A446E007522EC /* AddTipViewController.m in Sources */ = {isa = PBXBuildFile; fileRef = 74C2C7591B7A446E007522EC /* AddTipViewController.m */; };
		D6F89A3841B8D033EC983A14 /* libPods-IronTips.a in Frameworks */ = {isa = PBXBuildFile; fileRef = 2D9153E77E8F07571115AB1A /* libPods-IronTips.a */; };
/* End PBXBuildFile section */

/* Begin PBXContainerItemProxy section */
		74798EAA1B7396570067E94D /* PBXContainerItemProxy */ = {
			isa = PBXContainerItemProxy;
			containerPortal = 74798E881B7396570067E94D /* Project object */;
			proxyType = 1;
			remoteGlobalIDString = 74798E8F1B7396570067E94D;
			remoteInfo = IronTips;
		};
/* End PBXContainerItemProxy section */

/* Begin PBXFileReference section */
		2D9153E77E8F07571115AB1A /* libPods-IronTips.a */ = {isa = PBXFileReference; explicitFileType = archive.ar; includeInIndex = 0; path = "libPods-IronTips.a"; sourceTree = BUILT_PRODUCTS_DIR; };
		74798E901B7396570067E94D /* IronTips.app */ = {isa = PBXFileReference; explicitFileType = wrapper.application; includeInIndex = 0; path = IronTips.app; sourceTree = BUILT_PRODUCTS_DIR; };
		74798E941B7396570067E94D /* Info.plist */ = {isa = PBXFileReference; lastKnownFileType = text.plist.xml; path = Info.plist; sourceTree = "<group>"; };
		74798E951B7396570067E94D /* main.m */ = {isa = PBXFileReference; lastKnownFileType = sourcecode.c.objc; path = main.m; sourceTree = "<group>"; };
		74798E971B7396570067E94D /* AppDelegate.h */ = {isa = PBXFileReference; lastKnownFileType = sourcecode.c.h; path = AppDelegate.h; sourceTree = "<group>"; };
		74798E981B7396570067E94D /* AppDelegate.m */ = {isa = PBXFileReference; lastKnownFileType = sourcecode.c.objc; path = AppDelegate.m; sourceTree = "<group>"; };
		74798E9E1B7396570067E94D /* Base */ = {isa = PBXFileReference; lastKnownFileType = file.storyboard; name = Base; path = Base.lproj/Main.storyboard; sourceTree = "<group>"; };
		74798EA01B7396570067E94D /* Images.xcassets */ = {isa = PBXFileReference; lastKnownFileType = folder.assetcatalog; path = Images.xcassets; sourceTree = "<group>"; };
		74798EA31B7396570067E94D /* Base */ = {isa = PBXFileReference; lastKnownFileType = file.xib; name = Base; path = Base.lproj/LaunchScreen.xib; sourceTree = "<group>"; };
		74798EA91B7396570067E94D /* IronTipsTests.xctest */ = {isa = PBXFileReference; explicitFileType = wrapper.cfbundle; includeInIndex = 0; path = IronTipsTests.xctest; sourceTree = BUILT_PRODUCTS_DIR; };
		74798EAE1B7396570067E94D /* Info.plist */ = {isa = PBXFileReference; lastKnownFileType = text.plist.xml; path = Info.plist; sourceTree = "<group>"; };
		74798EAF1B7396570067E94D /* IronTipsTests.m */ = {isa = PBXFileReference; lastKnownFileType = sourcecode.c.objc; path = IronTipsTests.m; sourceTree = "<group>"; };
		74798EB91B73A3470067E94D /* LoginViewController.h */ = {isa = PBXFileReference; fileEncoding = 4; lastKnownFileType = sourcecode.c.h; path = LoginViewController.h; sourceTree = "<group>"; };
		74798EBA1B73A3470067E94D /* LoginViewController.m */ = {isa = PBXFileReference; fileEncoding = 4; lastKnownFileType = sourcecode.c.objc; path = LoginViewController.m; sourceTree = "<group>"; };
		74798EBC1B73A35E0067E94D /* RegisterViewController.h */ = {isa = PBXFileReference; fileEncoding = 4; lastKnownFileType = sourcecode.c.h; path = RegisterViewController.h; sourceTree = "<group>"; };
		74798EBD1B73A35E0067E94D /* RegisterViewController.m */ = {isa = PBXFileReference; fileEncoding = 4; lastKnownFileType = sourcecode.c.objc; path = RegisterViewController.m; sourceTree = "<group>"; };
		74798EBF1B73BA6A0067E94D /* TipsTableViewController.h */ = {isa = PBXFileReference; fileEncoding = 4; lastKnownFileType = sourcecode.c.h; path = TipsTableViewController.h; sourceTree = "<group>"; };
		74798EC01B73BA6A0067E94D /* TipsTableViewController.m */ = {isa = PBXFileReference; fileEncoding = 4; lastKnownFileType = sourcecode.c.objc; path = TipsTableViewController.m; sourceTree = "<group>"; };
		74C2C7551B7A3445007522EC /* TipCell.h */ = {isa = PBXFileReference; fileEncoding = 4; lastKnownFileType = sourcecode.c.h; path = TipCell.h; sourceTree = "<group>"; };
		74C2C7561B7A3445007522EC /* TipCell.m */ = {isa = PBXFileReference; fileEncoding = 4; lastKnownFileType = sourcecode.c.objc; path = TipCell.m; sourceTree = "<group>"; };
		74C2C7581B7A446E007522EC /* AddTipViewController.h */ = {isa = PBXFileReference; fileEncoding = 4; lastKnownFileType = sourcecode.c.h; path = AddTipViewController.h; sourceTree = "<group>"; };
		74C2C7591B7A446E007522EC /* AddTipViewController.m */ = {isa = PBXFileReference; fileEncoding = 4; lastKnownFileType = sourcecode.c.objc; path = AddTipViewController.m; sourceTree = "<group>"; };
		7CBAFB129420B4E171C4B7EF /* Pods-IronTips.release.xcconfig */ = {isa = PBXFileReference; includeInIndex = 1; lastKnownFileType = text.xcconfig; name = "Pods-IronTips.release.xcconfig"; path = "Pods/Target Support Files/Pods-IronTips/Pods-IronTips.release.xcconfig"; sourceTree = "<group>"; };
		AB100F168BD47F94077E8C36 /* Pods-IronTips.debug.xcconfig */ = {isa = PBXFileReference; includeInIndex = 1; lastKnownFileType = text.xcconfig; name = "Pods-IronTips.debug.xcconfig"; path = "Pods/Target Support Files/Pods-IronTips/Pods-IronTips.debug.xcconfig"; sourceTree = "<group>"; };
/* End PBXFileReference section */

/* Begin PBXFrameworksBuildPhase section */
		74798E8D1B7396570067E94D /* Frameworks */ = {
			isa = PBXFrameworksBuildPhase;
			buildActionMask = 2147483647;
			files = (
				D6F89A3841B8D033EC983A14 /* libPods-IronTips.a in Frameworks */,
			);
			runOnlyForDeploymentPostprocessing = 0;
		};
		74798EA61B7396570067E94D /* Frameworks */ = {
			isa = PBXFrameworksBuildPhase;
			buildActionMask = 2147483647;
			files = (
			);
			runOnlyForDeploymentPostprocessing = 0;
		};
/* End PBXFrameworksBuildPhase section */

/* Begin PBXGroup section */
		3528FCCF9C811BB9D4CD0E4F /* Pods */ = {
			isa = PBXGroup;
			children = (
				AB100F168BD47F94077E8C36 /* Pods-IronTips.debug.xcconfig */,
				7CBAFB129420B4E171C4B7EF /* Pods-IronTips.release.xcconfig */,
			);
			name = Pods;
			sourceTree = "<group>";
		};
		74798E871B7396570067E94D = {
			isa = PBXGroup;
			children = (
				74798E921B7396570067E94D /* IronTips */,
				74798EAC1B7396570067E94D /* IronTipsTests */,
				74798E911B7396570067E94D /* Products */,
				3528FCCF9C811BB9D4CD0E4F /* Pods */,
				882058E81A91D478F46D0F1E /* Frameworks */,
			);
			sourceTree = "<group>";
		};
		74798E911B7396570067E94D /* Products */ = {
			isa = PBXGroup;
			children = (
				74798E901B7396570067E94D /* IronTips.app */,
				74798EA91B7396570067E94D /* IronTipsTests.xctest */,
			);
			name = Products;
			sourceTree = "<group>";
		};
		74798E921B7396570067E94D /* IronTips */ = {
			isa = PBXGroup;
			children = (
				74798E971B7396570067E94D /* AppDelegate.h */,
				74798E981B7396570067E94D /* AppDelegate.m */,
				74798EBF1B73BA6A0067E94D /* TipsTableViewController.h */,
				74798EC01B73BA6A0067E94D /* TipsTableViewController.m */,
				74C2C7551B7A3445007522EC /* TipCell.h */,
				74C2C7561B7A3445007522EC /* TipCell.m */,
				74C2C7581B7A446E007522EC /* AddTipViewController.h */,
				74C2C7591B7A446E007522EC /* AddTipViewController.m */,
				74798EB91B73A3470067E94D /* LoginViewController.h */,
				74798EBA1B73A3470067E94D /* LoginViewController.m */,
				74798EBC1B73A35E0067E94D /* RegisterViewController.h */,
				74798EBD1B73A35E0067E94D /* RegisterViewController.m */,
				74798E9D1B7396570067E94D /* Main.storyboard */,
				74798EA01B7396570067E94D /* Images.xcassets */,
				74798EA21B7396570067E94D /* LaunchScreen.xib */,
				74798E931B7396570067E94D /* Supporting Files */,
			);
			path = IronTips;
			sourceTree = "<group>";
		};
		74798E931B7396570067E94D /* Supporting Files */ = {
			isa = PBXGroup;
			children = (
				74798E941B7396570067E94D /* Info.plist */,
				74798E951B7396570067E94D /* main.m */,
			);
			name = "Supporting Files";
			sourceTree = "<group>";
		};
		74798EAC1B7396570067E94D /* IronTipsTests */ = {
			isa = PBXGroup;
			children = (
				74798EAF1B7396570067E94D /* IronTipsTests.m */,
				74798EAD1B7396570067E94D /* Supporting Files */,
			);
			path = IronTipsTests;
			sourceTree = "<group>";
		};
		74798EAD1B7396570067E94D /* Supporting Files */ = {
			isa = PBXGroup;
			children = (
				74798EAE1B7396570067E94D /* Info.plist */,
			);
			name = "Supporting Files";
			sourceTree = "<group>";
		};
		882058E81A91D478F46D0F1E /* Frameworks */ = {
			isa = PBXGroup;
			children = (
				2D9153E77E8F07571115AB1A /* libPods-IronTips.a */,
			);
			name = Frameworks;
			sourceTree = "<group>";
		};
/* End PBXGroup section */

/* Begin PBXNativeTarget section */
		74798E8F1B7396570067E94D /* IronTips */ = {
			isa = PBXNativeTarget;
			buildConfigurationList = 74798EB31B7396570067E94D /* Build configuration list for PBXNativeTarget "IronTips" */;
			buildPhases = (
				1C04A3809A09171B52B860D0 /* Check Pods Manifest.lock */,
				74798E8C1B7396570067E94D /* Sources */,
				74798E8D1B7396570067E94D /* Frameworks */,
				74798E8E1B7396570067E94D /* Resources */,
				249AD0DC783A6E4A6711E4AF /* Copy Pods Resources */,
			);
			buildRules = (
			);
			dependencies = (
			);
			name = IronTips;
			productName = IronTips;
			productReference = 74798E901B7396570067E94D /* IronTips.app */;
			productType = "com.apple.product-type.application";
		};
		74798EA81B7396570067E94D /* IronTipsTests */ = {
			isa = PBXNativeTarget;
			buildConfigurationList = 74798EB61B7396570067E94D /* Build configuration list for PBXNativeTarget "IronTipsTests" */;
			buildPhases = (
				74798EA51B7396570067E94D /* Sources */,
				74798EA61B7396570067E94D /* Frameworks */,
				74798EA71B7396570067E94D /* Resources */,
			);
			buildRules = (
			);
			dependencies = (
				74798EAB1B7396570067E94D /* PBXTargetDependency */,
			);
			name = IronTipsTests;
			productName = IronTipsTests;
			productReference = 74798EA91B7396570067E94D /* IronTipsTests.xctest */;
			productType = "com.apple.product-type.bundle.unit-test";
		};
/* End PBXNativeTarget section */

/* Begin PBXProject section */
		74798E881B7396570067E94D /* Project object */ = {
			isa = PBXProject;
			attributes = {
				LastUpgradeCheck = 0640;
				ORGANIZATIONNAME = "John Holsapple -- The Iron Yard";
				TargetAttributes = {
					74798E8F1B7396570067E94D = {
						CreatedOnToolsVersion = 6.4;
					};
					74798EA81B7396570067E94D = {
						CreatedOnToolsVersion = 6.4;
						TestTargetID = 74798E8F1B7396570067E94D;
					};
				};
			};
			buildConfigurationList = 74798E8B1B7396570067E94D /* Build configuration list for PBXProject "IronTips" */;
			compatibilityVersion = "Xcode 3.2";
			developmentRegion = English;
			hasScannedForEncodings = 0;
			knownRegions = (
				en,
				Base,
			);
			mainGroup = 74798E871B7396570067E94D;
			productRefGroup = 74798E911B7396570067E94D /* Products */;
			projectDirPath = "";
			projectRoot = "";
			targets = (
				74798E8F1B7396570067E94D /* IronTips */,
				74798EA81B7396570067E94D /* IronTipsTests */,
			);
		};
/* End PBXProject section */

/* Begin PBXResourcesBuildPhase section */
		74798E8E1B7396570067E94D /* Resources */ = {
			isa = PBXResourcesBuildPhase;
			buildActionMask = 2147483647;
			files = (
				74798E9F1B7396570067E94D /* Main.storyboard in Resources */,
				74798EA41B7396570067E94D /* LaunchScreen.xib in Resources */,
				74798EA11B7396570067E94D /* Images.xcassets in Resources */,
			);
			runOnlyForDeploymentPostprocessing = 0;
		};
		74798EA71B7396570067E94D /* Resources */ = {
			isa = PBXResourcesBuildPhase;
			buildActionMask = 2147483647;
			files = (
			);
			runOnlyForDeploymentPostprocessing = 0;
		};
/* End PBXResourcesBuildPhase section */

/* Begin PBXShellScriptBuildPhase section */
		1C04A3809A09171B52B860D0 /* Check Pods Manifest.lock */ = {
			isa = PBXShellScriptBuildPhase;
			buildActionMask = 2147483647;
			files = (
			);
			inputPaths = (
			);
			name = "Check Pods Manifest.lock";
			outputPaths = (
			);
			runOnlyForDeploymentPostprocessing = 0;
			shellPath = /bin/sh;
			shellScript = "diff \"${PODS_ROOT}/../Podfile.lock\" \"${PODS_ROOT}/Manifest.lock\" > /dev/null\nif [[ $? != 0 ]] ; then\n    cat << EOM\nerror: The sandbox is not in sync with the Podfile.lock. Run 'pod install' or update your CocoaPods installation.\nEOM\n    exit 1\nfi\n";
			showEnvVarsInLog = 0;
		};
		249AD0DC783A6E4A6711E4AF /* Copy Pods Resources */ = {
			isa = PBXShellScriptBuildPhase;
			buildActionMask = 2147483647;
			files = (
			);
			inputPaths = (
			);
			name = "Copy Pods Resources";
			outputPaths = (
			);
			runOnlyForDeploymentPostprocessing = 0;
			shellPath = /bin/sh;
			shellScript = "\"${SRCROOT}/Pods/Target Support Files/Pods-IronTips/Pods-IronTips-resources.sh\"\n";
			showEnvVarsInLog = 0;
		};
/* End PBXShellScriptBuildPhase section */

/* Begin PBXSourcesBuildPhase section */
		74798E8C1B7396570067E94D /* Sources */ = {
			isa = PBXSourcesBuildPhase;
			buildActionMask = 2147483647;
			files = (
				74798E991B7396570067E94D /* AppDelegate.m in Sources */,
				74798E961B7396570067E94D /* main.m in Sources */,
				74798EBB1B73A3470067E94D /* LoginViewController.m in Sources */,
				74C2C75A1B7A446E007522EC /* AddTipViewController.m in Sources */,
				74C2C7571B7A3445007522EC /* TipCell.m in Sources */,
				74798EC11B73BA6A0067E94D /* TipsTableViewController.m in Sources */,
				74798EBE1B73A35E0067E94D /* RegisterViewController.m in Sources */,
			);
			runOnlyForDeploymentPostprocessing = 0;
		};
		74798EA51B7396570067E94D /* Sources */ = {
			isa = PBXSourcesBuildPhase;
			buildActionMask = 2147483647;
			files = (
				74798EB01B7396570067E94D /* IronTipsTests.m in Sources */,
			);
			runOnlyForDeploymentPostprocessing = 0;
		};
/* End PBXSourcesBuildPhase section */

/* Begin PBXTargetDependency section */
		74798EAB1B7396570067E94D /* PBXTargetDependency */ = {
			isa = PBXTargetDependency;
			target = 74798E8F1B7396570067E94D /* IronTips */;
			targetProxy = 74798EAA1B7396570067E94D /* PBXContainerItemProxy */;
		};
/* End PBXTargetDependency section */

/* Begin PBXVariantGroup section */
		74798E9D1B7396570067E94D /* Main.storyboard */ = {
			isa = PBXVariantGroup;
			children = (
				74798E9E1B7396570067E94D /* Base */,
			);
			name = Main.storyboard;
			sourceTree = "<group>";
		};
		74798EA21B7396570067E94D /* LaunchScreen.xib */ = {
			isa = PBXVariantGroup;
			children = (
				74798EA31B7396570067E94D /* Base */,
			);
			name = LaunchScreen.xib;
			sourceTree = "<group>";
		};
/* End PBXVariantGroup section */

/* Begin XCBuildConfiguration section */
		74798EB11B7396570067E94D /* Debug */ = {
			isa = XCBuildConfiguration;
			buildSettings = {
				ALWAYS_SEARCH_USER_PATHS = NO;
				CLANG_CXX_LANGUAGE_STANDARD = "gnu++0x";
				CLANG_CXX_LIBRARY = "libc++";
				CLANG_ENABLE_MODULES = YES;
				CLANG_ENABLE_OBJC_ARC = YES;
				CLANG_WARN_BOOL_CONVERSION = YES;
				CLANG_WARN_CONSTANT_CONVERSION = YES;
				CLANG_WARN_DIRECT_OBJC_ISA_USAGE = YES_ERROR;
				CLANG_WARN_EMPTY_BODY = YES;
				CLANG_WARN_ENUM_CONVERSION = YES;
				CLANG_WARN_INT_CONVERSION = YES;
				CLANG_WARN_OBJC_ROOT_CLASS = YES_ERROR;
				CLANG_WARN_UNREACHABLE_CODE = YES;
				CLANG_WARN__DUPLICATE_METHOD_MATCH = YES;
				"CODE_SIGN_IDENTITY[sdk=iphoneos*]" = "iPhone Developer";
				COPY_PHASE_STRIP = NO;
				DEBUG_INFORMATION_FORMAT = "dwarf-with-dsym";
				ENABLE_STRICT_OBJC_MSGSEND = YES;
				GCC_C_LANGUAGE_STANDARD = gnu99;
				GCC_DYNAMIC_NO_PIC = NO;
				GCC_NO_COMMON_BLOCKS = YES;
				GCC_OPTIMIZATION_LEVEL = 0;
				GCC_PREPROCESSOR_DEFINITIONS = (
					"DEBUG=1",
					"$(inherited)",
				);
				GCC_SYMBOLS_PRIVATE_EXTERN = NO;
				GCC_WARN_64_TO_32_BIT_CONVERSION = YES;
				GCC_WARN_ABOUT_RETURN_TYPE = YES_ERROR;
				GCC_WARN_UNDECLARED_SELECTOR = YES;
				GCC_WARN_UNINITIALIZED_AUTOS = YES_AGGRESSIVE;
				GCC_WARN_UNUSED_FUNCTION = YES;
				GCC_WARN_UNUSED_VARIABLE = YES;
				IPHONEOS_DEPLOYMENT_TARGET = 8.4;
				MTL_ENABLE_DEBUG_INFO = YES;
				ONLY_ACTIVE_ARCH = YES;
				SDKROOT = iphoneos;
			};
			name = Debug;
		};
		74798EB21B7396570067E94D /* Release */ = {
			isa = XCBuildConfiguration;
			buildSettings = {
				ALWAYS_SEARCH_USER_PATHS = NO;
				CLANG_CXX_LANGUAGE_STANDARD = "gnu++0x";
				CLANG_CXX_LIBRARY = "libc++";
				CLANG_ENABLE_MODULES = YES;
				CLANG_ENABLE_OBJC_ARC = YES;
				CLANG_WARN_BOOL_CONVERSION = YES;
				CLANG_WARN_CONSTANT_CONVERSION = YES;
				CLANG_WARN_DIRECT_OBJC_ISA_USAGE = YES_ERROR;
				CLANG_WARN_EMPTY_BODY = YES;
				CLANG_WARN_ENUM_CONVERSION = YES;
				CLANG_WARN_INT_CONVERSION = YES;
				CLANG_WARN_OBJC_ROOT_CLASS = YES_ERROR;
				CLANG_WARN_UNREACHABLE_CODE = YES;
				CLANG_WARN__DUPLICATE_METHOD_MATCH = YES;
				"CODE_SIGN_IDENTITY[sdk=iphoneos*]" = "iPhone Developer";
				COPY_PHASE_STRIP = NO;
				DEBUG_INFORMATION_FORMAT = "dwarf-with-dsym";
				ENABLE_NS_ASSERTIONS = NO;
				ENABLE_STRICT_OBJC_MSGSEND = YES;
				GCC_C_LANGUAGE_STANDARD = gnu99;
				GCC_NO_COMMON_BLOCKS = YES;
				GCC_WARN_64_TO_32_BIT_CONVERSION = YES;
				GCC_WARN_ABOUT_RETURN_TYPE = YES_ERROR;
				GCC_WARN_UNDECLARED_SELECTOR = YES;
				GCC_WARN_UNINITIALIZED_AUTOS = YES_AGGRESSIVE;
				GCC_WARN_UNUSED_FUNCTION = YES;
				GCC_WARN_UNUSED_VARIABLE = YES;
				IPHONEOS_DEPLOYMENT_TARGET = 8.4;
				MTL_ENABLE_DEBUG_INFO = NO;
				SDKROOT = iphoneos;
				VALIDATE_PRODUCT = YES;
			};
			name = Release;
		};
		74798EB41B7396570067E94D /* Debug */ = {
			isa = XCBuildConfiguration;
			baseConfigurationReference = AB100F168BD47F94077E8C36 /* Pods-IronTips.debug.xcconfig */;
			buildSettings = {
				ASSETCATALOG_COMPILER_APPICON_NAME = AppIcon;
				INFOPLIST_FILE = IronTips/Info.plist;
				LD_RUNPATH_SEARCH_PATHS = "$(inherited) @executable_path/Frameworks";
				PRODUCT_NAME = "$(TARGET_NAME)";
			};
			name = Debug;
		};
		74798EB51B7396570067E94D /* Release */ = {
			isa = XCBuildConfiguration;
			baseConfigurationReference = 7CBAFB129420B4E171C4B7EF /* Pods-IronTips.release.xcconfig */;
			buildSettings = {
				ASSETCATALOG_COMPILER_APPICON_NAME = AppIcon;
				INFOPLIST_FILE = IronTips/Info.plist;
				LD_RUNPATH_SEARCH_PATHS = "$(inherited) @executable_path/Frameworks";
				PRODUCT_NAME = "$(TARGET_NAME)";
			};
			name = Release;
		};
		74798EB71B7396570067E94D /* Debug */ = {
			isa = XCBuildConfiguration;
			buildSettings = {
				BUNDLE_LOADER = "$(TEST_HOST)";
				FRAMEWORK_SEARCH_PATHS = (
					"$(SDKROOT)/Developer/Library/Frameworks",
					"$(inherited)",
				);
				GCC_PREPROCESSOR_DEFINITIONS = (
					"DEBUG=1",
					"$(inherited)",
				);
				INFOPLIST_FILE = IronTipsTests/Info.plist;
				LD_RUNPATH_SEARCH_PATHS = "$(inherited) @executable_path/Frameworks @loader_path/Frameworks";
				PRODUCT_NAME = "$(TARGET_NAME)";
				TEST_HOST = "$(BUILT_PRODUCTS_DIR)/IronTips.app/IronTips";
			};
			name = Debug;
		};
		74798EB81B7396570067E94D /* Release */ = {
			isa = XCBuildConfiguration;
			buildSettings = {
				BUNDLE_LOADER = "$(TEST_HOST)";
				FRAMEWORK_SEARCH_PATHS = (
					"$(SDKROOT)/Developer/Library/Frameworks",
					"$(inherited)",
				);
				INFOPLIST_FILE = IronTipsTests/Info.plist;
				LD_RUNPATH_SEARCH_PATHS = "$(inherited) @executable_path/Frameworks @loader_path/Frameworks";
				PRODUCT_NAME = "$(TARGET_NAME)";
				TEST_HOST = "$(BUILT_PRODUCTS_DIR)/IronTips.app/IronTips";
			};
			name = Release;
		};
/* End XCBuildConfiguration section */

/* Begin XCConfigurationList section */
		74798E8B1B7396570067E94D /* Build configuration list for PBXProject "IronTips" */ = {
			isa = XCConfigurationList;
			buildConfigurations = (
				74798EB11B7396570067E94D /* Debug */,
				74798EB21B7396570067E94D /* Release */,
			);
			defaultConfigurationIsVisible = 0;
			defaultConfigurationName = Release;
		};
		74798EB31B7396570067E94D /* Build configuration list for PBXNativeTarget "IronTips" */ = {
			isa = XCConfigurationList;
			buildConfigurations = (
				74798EB41B7396570067E94D /* Debug */,
				74798EB51B7396570067E94D /* Release */,
			);
			defaultConfigurationIsVisible = 0;
			defaultConfigurationName = Release;
		};
		74798EB61B7396570067E94D /* Build configuration list for PBXNativeTarget "IronTipsTests" */ = {
			isa = XCConfigurationList;
			buildConfigurations = (
				74798EB71B7396570067E94D /* Debug */,
				74798EB81B7396570067E94D /* Release */,
			);
			defaultConfigurationIsVisible = 0;
			defaultConfigurationName = Release;
		};
/* End XCConfigurationList section */
	};
	rootObject = 74798E881B7396570067E94D /* Project object */;
}
