// !$*UTF8*$!
{
	archiveVersion = 1;
	classes = {
	};
	objectVersion = 46;
	objects = {

/* Begin PBXBuildFile section */
		74D30F451B45776E00234948 /* main.m in Sources */ = {isa = PBXBuildFile; fileRef = 74D30F441B45776E00234948 /* main.m */; };
		74D30F481B45776E00234948 /* AppDelegate.m in Sources */ = {isa = PBXBuildFile; fileRef = 74D30F471B45776E00234948 /* AppDelegate.m */; };
		74D30F4E1B45776E00234948 /* Main.storyboard in Resources */ = {isa = PBXBuildFile; fileRef = 74D30F4C1B45776E00234948 /* Main.storyboard */; };
		74D30F501B45776E00234948 /* Images.xcassets in Resources */ = {isa = PBXBuildFile; fileRef = 74D30F4F1B45776E00234948 /* Images.xcassets */; };
		74D30F531B45776E00234948 /* LaunchScreen.xib in Resources */ = {isa = PBXBuildFile; fileRef = 74D30F511B45776E00234948 /* LaunchScreen.xib */; };
		74D30F5F1B45776E00234948 /* StrawberryFieldsTests.m in Sources */ = {isa = PBXBuildFile; fileRef = 74D30F5E1B45776E00234948 /* StrawberryFieldsTests.m */; };
		74D30F6A1B4577CE00234948 /* StrawberryTableViewController.m in Sources */ = {isa = PBXBuildFile; fileRef = 74D30F691B4577CE00234948 /* StrawberryTableViewController.m */; };
/* End PBXBuildFile section */

/* Begin PBXContainerItemProxy section */
		74D30F591B45776E00234948 /* PBXContainerItemProxy */ = {
			isa = PBXContainerItemProxy;
			containerPortal = 74D30F371B45776E00234948 /* Project object */;
			proxyType = 1;
			remoteGlobalIDString = 74D30F3E1B45776E00234948;
			remoteInfo = StrawberryFields;
		};
/* End PBXContainerItemProxy section */

/* Begin PBXFileReference section */
		74D30F3F1B45776E00234948 /* StrawberryFields.app */ = {isa = PBXFileReference; explicitFileType = wrapper.application; includeInIndex = 0; path = StrawberryFields.app; sourceTree = BUILT_PRODUCTS_DIR; };
		74D30F431B45776E00234948 /* Info.plist */ = {isa = PBXFileReference; lastKnownFileType = text.plist.xml; path = Info.plist; sourceTree = "<group>"; };
		74D30F441B45776E00234948 /* main.m */ = {isa = PBXFileReference; lastKnownFileType = sourcecode.c.objc; path = main.m; sourceTree = "<group>"; };
		74D30F461B45776E00234948 /* AppDelegate.h */ = {isa = PBXFileReference; lastKnownFileType = sourcecode.c.h; path = AppDelegate.h; sourceTree = "<group>"; };
		74D30F471B45776E00234948 /* AppDelegate.m */ = {isa = PBXFileReference; lastKnownFileType = sourcecode.c.objc; path = AppDelegate.m; sourceTree = "<group>"; };
		74D30F4D1B45776E00234948 /* Base */ = {isa = PBXFileReference; lastKnownFileType = file.storyboard; name = Base; path = Base.lproj/Main.storyboard; sourceTree = "<group>"; };
		74D30F4F1B45776E00234948 /* Images.xcassets */ = {isa = PBXFileReference; lastKnownFileType = folder.assetcatalog; path = Images.xcassets; sourceTree = "<group>"; };
		74D30F521B45776E00234948 /* Base */ = {isa = PBXFileReference; lastKnownFileType = file.xib; name = Base; path = Base.lproj/LaunchScreen.xib; sourceTree = "<group>"; };
		74D30F581B45776E00234948 /* StrawberryFieldsTests.xctest */ = {isa = PBXFileReference; explicitFileType = wrapper.cfbundle; includeInIndex = 0; path = StrawberryFieldsTests.xctest; sourceTree = BUILT_PRODUCTS_DIR; };
		74D30F5D1B45776E00234948 /* Info.plist */ = {isa = PBXFileReference; lastKnownFileType = text.plist.xml; path = Info.plist; sourceTree = "<group>"; };
		74D30F5E1B45776E00234948 /* StrawberryFieldsTests.m */ = {isa = PBXFileReference; lastKnownFileType = sourcecode.c.objc; path = StrawberryFieldsTests.m; sourceTree = "<group>"; };
		74D30F681B4577CE00234948 /* StrawberryTableViewController.h */ = {isa = PBXFileReference; fileEncoding = 4; lastKnownFileType = sourcecode.c.h; path = StrawberryTableViewController.h; sourceTree = "<group>"; };
		74D30F691B4577CE00234948 /* StrawberryTableViewController.m */ = {isa = PBXFileReference; fileEncoding = 4; lastKnownFileType = sourcecode.c.objc; path = StrawberryTableViewController.m; sourceTree = "<group>"; };
/* End PBXFileReference section */

/* Begin PBXFrameworksBuildPhase section */
		74D30F3C1B45776E00234948 /* Frameworks */ = {
			isa = PBXFrameworksBuildPhase;
			buildActionMask = 2147483647;
			files = (
			);
			runOnlyForDeploymentPostprocessing = 0;
		};
		74D30F551B45776E00234948 /* Frameworks */ = {
			isa = PBXFrameworksBuildPhase;
			buildActionMask = 2147483647;
			files = (
			);
			runOnlyForDeploymentPostprocessing = 0;
		};
/* End PBXFrameworksBuildPhase section */

/* Begin PBXGroup section */
		74D30F361B45776E00234948 = {
			isa = PBXGroup;
			children = (
				74D30F411B45776E00234948 /* StrawberryFields */,
				74D30F5B1B45776E00234948 /* StrawberryFieldsTests */,
				74D30F401B45776E00234948 /* Products */,
			);
			sourceTree = "<group>";
		};
		74D30F401B45776E00234948 /* Products */ = {
			isa = PBXGroup;
			children = (
				74D30F3F1B45776E00234948 /* StrawberryFields.app */,
				74D30F581B45776E00234948 /* StrawberryFieldsTests.xctest */,
			);
			name = Products;
			sourceTree = "<group>";
		};
		74D30F411B45776E00234948 /* StrawberryFields */ = {
			isa = PBXGroup;
			children = (
				74D30F461B45776E00234948 /* AppDelegate.h */,
				74D30F471B45776E00234948 /* AppDelegate.m */,
				74D30F681B4577CE00234948 /* StrawberryTableViewController.h */,
				74D30F691B4577CE00234948 /* StrawberryTableViewController.m */,
				74D30F4C1B45776E00234948 /* Main.storyboard */,
				74D30F4F1B45776E00234948 /* Images.xcassets */,
				74D30F511B45776E00234948 /* LaunchScreen.xib */,
				74D30F421B45776E00234948 /* Supporting Files */,
			);
			path = StrawberryFields;
			sourceTree = "<group>";
		};
		74D30F421B45776E00234948 /* Supporting Files */ = {
			isa = PBXGroup;
			children = (
				74D30F431B45776E00234948 /* Info.plist */,
				74D30F441B45776E00234948 /* main.m */,
			);
			name = "Supporting Files";
			sourceTree = "<group>";
		};
		74D30F5B1B45776E00234948 /* StrawberryFieldsTests */ = {
			isa = PBXGroup;
			children = (
				74D30F5E1B45776E00234948 /* StrawberryFieldsTests.m */,
				74D30F5C1B45776E00234948 /* Supporting Files */,
			);
			path = StrawberryFieldsTests;
			sourceTree = "<group>";
		};
		74D30F5C1B45776E00234948 /* Supporting Files */ = {
			isa = PBXGroup;
			children = (
				74D30F5D1B45776E00234948 /* Info.plist */,
			);
			name = "Supporting Files";
			sourceTree = "<group>";
		};
/* End PBXGroup section */

/* Begin PBXNativeTarget section */
		74D30F3E1B45776E00234948 /* StrawberryFields */ = {
			isa = PBXNativeTarget;
			buildConfigurationList = 74D30F621B45776E00234948 /* Build configuration list for PBXNativeTarget "StrawberryFields" */;
			buildPhases = (
				74D30F3B1B45776E00234948 /* Sources */,
				74D30F3C1B45776E00234948 /* Frameworks */,
				74D30F3D1B45776E00234948 /* Resources */,
			);
			buildRules = (
			);
			dependencies = (
			);
			name = StrawberryFields;
			productName = StrawberryFields;
			productReference = 74D30F3F1B45776E00234948 /* StrawberryFields.app */;
			productType = "com.apple.product-type.application";
		};
		74D30F571B45776E00234948 /* StrawberryFieldsTests */ = {
			isa = PBXNativeTarget;
			buildConfigurationList = 74D30F651B45776E00234948 /* Build configuration list for PBXNativeTarget "StrawberryFieldsTests" */;
			buildPhases = (
				74D30F541B45776E00234948 /* Sources */,
				74D30F551B45776E00234948 /* Frameworks */,
				74D30F561B45776E00234948 /* Resources */,
			);
			buildRules = (
			);
			dependencies = (
				74D30F5A1B45776E00234948 /* PBXTargetDependency */,
			);
			name = StrawberryFieldsTests;
			productName = StrawberryFieldsTests;
			productReference = 74D30F581B45776E00234948 /* StrawberryFieldsTests.xctest */;
			productType = "com.apple.product-type.bundle.unit-test";
		};
/* End PBXNativeTarget section */

/* Begin PBXProject section */
		74D30F371B45776E00234948 /* Project object */ = {
			isa = PBXProject;
			attributes = {
				LastUpgradeCheck = 0640;
				ORGANIZATIONNAME = "John Holsapple -- The Iron Yard";
				TargetAttributes = {
					74D30F3E1B45776E00234948 = {
						CreatedOnToolsVersion = 6.4;
					};
					74D30F571B45776E00234948 = {
						CreatedOnToolsVersion = 6.4;
						TestTargetID = 74D30F3E1B45776E00234948;
					};
				};
			};
			buildConfigurationList = 74D30F3A1B45776E00234948 /* Build configuration list for PBXProject "StrawberryFields" */;
			compatibilityVersion = "Xcode 3.2";
			developmentRegion = English;
			hasScannedForEncodings = 0;
			knownRegions = (
				en,
				Base,
			);
			mainGroup = 74D30F361B45776E00234948;
			productRefGroup = 74D30F401B45776E00234948 /* Products */;
			projectDirPath = "";
			projectRoot = "";
			targets = (
				74D30F3E1B45776E00234948 /* StrawberryFields */,
				74D30F571B45776E00234948 /* StrawberryFieldsTests */,
			);
		};
/* End PBXProject section */

/* Begin PBXResourcesBuildPhase section */
		74D30F3D1B45776E00234948 /* Resources */ = {
			isa = PBXResourcesBuildPhase;
			buildActionMask = 2147483647;
			files = (
				74D30F4E1B45776E00234948 /* Main.storyboard in Resources */,
				74D30F531B45776E00234948 /* LaunchScreen.xib in Resources */,
				74D30F501B45776E00234948 /* Images.xcassets in Resources */,
			);
			runOnlyForDeploymentPostprocessing = 0;
		};
		74D30F561B45776E00234948 /* Resources */ = {
			isa = PBXResourcesBuildPhase;
			buildActionMask = 2147483647;
			files = (
			);
			runOnlyForDeploymentPostprocessing = 0;
		};
/* End PBXResourcesBuildPhase section */

/* Begin PBXSourcesBuildPhase section */
		74D30F3B1B45776E00234948 /* Sources */ = {
			isa = PBXSourcesBuildPhase;
			buildActionMask = 2147483647;
			files = (
				74D30F6A1B4577CE00234948 /* StrawberryTableViewController.m in Sources */,
				74D30F481B45776E00234948 /* AppDelegate.m in Sources */,
				74D30F451B45776E00234948 /* main.m in Sources */,
			);
			runOnlyForDeploymentPostprocessing = 0;
		};
		74D30F541B45776E00234948 /* Sources */ = {
			isa = PBXSourcesBuildPhase;
			buildActionMask = 2147483647;
			files = (
				74D30F5F1B45776E00234948 /* StrawberryFieldsTests.m in Sources */,
			);
			runOnlyForDeploymentPostprocessing = 0;
		};
/* End PBXSourcesBuildPhase section */

/* Begin PBXTargetDependency section */
		74D30F5A1B45776E00234948 /* PBXTargetDependency */ = {
			isa = PBXTargetDependency;
			target = 74D30F3E1B45776E00234948 /* StrawberryFields */;
			targetProxy = 74D30F591B45776E00234948 /* PBXContainerItemProxy */;
		};
/* End PBXTargetDependency section */

/* Begin PBXVariantGroup section */
		74D30F4C1B45776E00234948 /* Main.storyboard */ = {
			isa = PBXVariantGroup;
			children = (
				74D30F4D1B45776E00234948 /* Base */,
			);
			name = Main.storyboard;
			sourceTree = "<group>";
		};
		74D30F511B45776E00234948 /* LaunchScreen.xib */ = {
			isa = PBXVariantGroup;
			children = (
				74D30F521B45776E00234948 /* Base */,
			);
			name = LaunchScreen.xib;
			sourceTree = "<group>";
		};
/* End PBXVariantGroup section */

/* Begin XCBuildConfiguration section */
		74D30F601B45776E00234948 /* Debug */ = {
			isa = XCBuildConfiguration;
			buildSettings = {
				ALWAYS_SEARCH_USER_PATHS = NO;
				CLANG_CXX_LANGUAGE_STANDARD = "gnu++0x";
				CLANG_CXX_LIBRARY = "libc++";
				CLANG_ENABLE_MODULES = YES;
				CLANG_ENABLE_OBJC_ARC = YES;
				CLANG_WARN_BOOL_CONVERSION = YES;
				CLANG_WARN_CONSTANT_CONVERSION = YES;
				CLANG_WARN_DIRECT_OBJC_ISA_USAGE = YES_ERROR;
				CLANG_WARN_EMPTY_BODY = YES;
				CLANG_WARN_ENUM_CONVERSION = YES;
				CLANG_WARN_INT_CONVERSION = YES;
				CLANG_WARN_OBJC_ROOT_CLASS = YES_ERROR;
				CLANG_WARN_UNREACHABLE_CODE = YES;
				CLANG_WARN__DUPLICATE_METHOD_MATCH = YES;
				"CODE_SIGN_IDENTITY[sdk=iphoneos*]" = "iPhone Developer";
				COPY_PHASE_STRIP = NO;
				DEBUG_INFORMATION_FORMAT = "dwarf-with-dsym";
				ENABLE_STRICT_OBJC_MSGSEND = YES;
				GCC_C_LANGUAGE_STANDARD = gnu99;
				GCC_DYNAMIC_NO_PIC = NO;
				GCC_NO_COMMON_BLOCKS = YES;
				GCC_OPTIMIZATION_LEVEL = 0;
				GCC_PREPROCESSOR_DEFINITIONS = (
					"DEBUG=1",
					"$(inherited)",
				);
				GCC_SYMBOLS_PRIVATE_EXTERN = NO;
				GCC_WARN_64_TO_32_BIT_CONVERSION = YES;
				GCC_WARN_ABOUT_RETURN_TYPE = YES_ERROR;
				GCC_WARN_UNDECLARED_SELECTOR = YES;
				GCC_WARN_UNINITIALIZED_AUTOS = YES_AGGRESSIVE;
				GCC_WARN_UNUSED_FUNCTION = YES;
				GCC_WARN_UNUSED_VARIABLE = YES;
				IPHONEOS_DEPLOYMENT_TARGET = 8.4;
				MTL_ENABLE_DEBUG_INFO = YES;
				ONLY_ACTIVE_ARCH = YES;
				SDKROOT = iphoneos;
			};
			name = Debug;
		};
		74D30F611B45776E00234948 /* Release */ = {
			isa = XCBuildConfiguration;
			buildSettings = {
				ALWAYS_SEARCH_USER_PATHS = NO;
				CLANG_CXX_LANGUAGE_STANDARD = "gnu++0x";
				CLANG_CXX_LIBRARY = "libc++";
				CLANG_ENABLE_MODULES = YES;
				CLANG_ENABLE_OBJC_ARC = YES;
				CLANG_WARN_BOOL_CONVERSION = YES;
				CLANG_WARN_CONSTANT_CONVERSION = YES;
				CLANG_WARN_DIRECT_OBJC_ISA_USAGE = YES_ERROR;
				CLANG_WARN_EMPTY_BODY = YES;
				CLANG_WARN_ENUM_CONVERSION = YES;
				CLANG_WARN_INT_CONVERSION = YES;
				CLANG_WARN_OBJC_ROOT_CLASS = YES_ERROR;
				CLANG_WARN_UNREACHABLE_CODE = YES;
				CLANG_WARN__DUPLICATE_METHOD_MATCH = YES;
				"CODE_SIGN_IDENTITY[sdk=iphoneos*]" = "iPhone Developer";
				COPY_PHASE_STRIP = NO;
				DEBUG_INFORMATION_FORMAT = "dwarf-with-dsym";
				ENABLE_NS_ASSERTIONS = NO;
				ENABLE_STRICT_OBJC_MSGSEND = YES;
				GCC_C_LANGUAGE_STANDARD = gnu99;
				GCC_NO_COMMON_BLOCKS = YES;
				GCC_WARN_64_TO_32_BIT_CONVERSION = YES;
				GCC_WARN_ABOUT_RETURN_TYPE = YES_ERROR;
				GCC_WARN_UNDECLARED_SELECTOR = YES;
				GCC_WARN_UNINITIALIZED_AUTOS = YES_AGGRESSIVE;
				GCC_WARN_UNUSED_FUNCTION = YES;
				GCC_WARN_UNUSED_VARIABLE = YES;
				IPHONEOS_DEPLOYMENT_TARGET = 8.4;
				MTL_ENABLE_DEBUG_INFO = NO;
				SDKROOT = iphoneos;
				VALIDATE_PRODUCT = YES;
			};
			name = Release;
		};
		74D30F631B45776E00234948 /* Debug */ = {
			isa = XCBuildConfiguration;
			buildSettings = {
				ASSETCATALOG_COMPILER_APPICON_NAME = AppIcon;
				INFOPLIST_FILE = StrawberryFields/Info.plist;
				LD_RUNPATH_SEARCH_PATHS = "$(inherited) @executable_path/Frameworks";
				PRODUCT_NAME = "$(TARGET_NAME)";
			};
			name = Debug;
		};
		74D30F641B45776E00234948 /* Release */ = {
			isa = XCBuildConfiguration;
			buildSettings = {
				ASSETCATALOG_COMPILER_APPICON_NAME = AppIcon;
				INFOPLIST_FILE = StrawberryFields/Info.plist;
				LD_RUNPATH_SEARCH_PATHS = "$(inherited) @executable_path/Frameworks";
				PRODUCT_NAME = "$(TARGET_NAME)";
			};
			name = Release;
		};
		74D30F661B45776E00234948 /* Debug */ = {
			isa = XCBuildConfiguration;
			buildSettings = {
				BUNDLE_LOADER = "$(TEST_HOST)";
				FRAMEWORK_SEARCH_PATHS = (
					"$(SDKROOT)/Developer/Library/Frameworks",
					"$(inherited)",
				);
				GCC_PREPROCESSOR_DEFINITIONS = (
					"DEBUG=1",
					"$(inherited)",
				);
				INFOPLIST_FILE = StrawberryFieldsTests/Info.plist;
				LD_RUNPATH_SEARCH_PATHS = "$(inherited) @executable_path/Frameworks @loader_path/Frameworks";
				PRODUCT_NAME = "$(TARGET_NAME)";
				TEST_HOST = "$(BUILT_PRODUCTS_DIR)/StrawberryFields.app/StrawberryFields";
			};
			name = Debug;
		};
		74D30F671B45776E00234948 /* Release */ = {
			isa = XCBuildConfiguration;
			buildSettings = {
				BUNDLE_LOADER = "$(TEST_HOST)";
				FRAMEWORK_SEARCH_PATHS = (
					"$(SDKROOT)/Developer/Library/Frameworks",
					"$(inherited)",
				);
				INFOPLIST_FILE = StrawberryFieldsTests/Info.plist;
				LD_RUNPATH_SEARCH_PATHS = "$(inherited) @executable_path/Frameworks @loader_path/Frameworks";
				PRODUCT_NAME = "$(TARGET_NAME)";
				TEST_HOST = "$(BUILT_PRODUCTS_DIR)/StrawberryFields.app/StrawberryFields";
			};
			name = Release;
		};
/* End XCBuildConfiguration section */

/* Begin XCConfigurationList section */
		74D30F3A1B45776E00234948 /* Build configuration list for PBXProject "StrawberryFields" */ = {
			isa = XCConfigurationList;
			buildConfigurations = (
				74D30F601B45776E00234948 /* Debug */,
				74D30F611B45776E00234948 /* Release */,
			);
			defaultConfigurationIsVisible = 0;
			defaultConfigurationName = Release;
		};
		74D30F621B45776E00234948 /* Build configuration list for PBXNativeTarget "StrawberryFields" */ = {
			isa = XCConfigurationList;
			buildConfigurations = (
				74D30F631B45776E00234948 /* Debug */,
				74D30F641B45776E00234948 /* Release */,
			);
			defaultConfigurationIsVisible = 0;
		};
		74D30F651B45776E00234948 /* Build configuration list for PBXNativeTarget "StrawberryFieldsTests" */ = {
			isa = XCConfigurationList;
			buildConfigurations = (
				74D30F661B45776E00234948 /* Debug */,
				74D30F671B45776E00234948 /* Release */,
			);
			defaultConfigurationIsVisible = 0;
		};
/* End XCConfigurationList section */
	};
	rootObject = 74D30F371B45776E00234948 /* Project object */;
}
