// !$*UTF8*$!
{
	archiveVersion = 1;
	classes = {
	};
	objectVersion = 46;
	objects = {

/* Begin PBXBuildFile section */
		74E195F31BD81BAA0048B6F8 /* dubstep.mp3 in Resources */ = {isa = PBXBuildFile; fileRef = 74E195EE1BD81BAA0048B6F8 /* dubstep.mp3 */; settings = {ASSET_TAGS = (); }; };
		74E195F41BD81BAA0048B6F8 /* happiness.mp3 in Resources */ = {isa = PBXBuildFile; fileRef = 74E195EF1BD81BAA0048B6F8 /* happiness.mp3 */; settings = {ASSET_TAGS = (); }; };
		74E195F51BD81BAA0048B6F8 /* groovyhiphop.mp3 in Resources */ = {isa = PBXBuildFile; fileRef = 74E195F01BD81BAA0048B6F8 /* groovyhiphop.mp3 */; settings = {ASSET_TAGS = (); }; };
		74E195F61BD81BAA0048B6F8 /* funkysuspense.mp3 in Resources */ = {isa = PBXBuildFile; fileRef = 74E195F11BD81BAA0048B6F8 /* funkysuspense.mp3 */; settings = {ASSET_TAGS = (); }; };
		74E195F71BD81BAA0048B6F8 /* actionable.mp3 in Resources */ = {isa = PBXBuildFile; fileRef = 74E195F21BD81BAA0048B6F8 /* actionable.mp3 */; settings = {ASSET_TAGS = (); }; };
		74EFF0F21B7B7C370016B847 /* main.m in Sources */ = {isa = PBXBuildFile; fileRef = 74EFF0F11B7B7C370016B847 /* main.m */; };
		74EFF0F51B7B7C370016B847 /* AppDelegate.m in Sources */ = {isa = PBXBuildFile; fileRef = 74EFF0F41B7B7C370016B847 /* AppDelegate.m */; };
		74EFF0FB1B7B7C370016B847 /* Main.storyboard in Resources */ = {isa = PBXBuildFile; fileRef = 74EFF0F91B7B7C370016B847 /* Main.storyboard */; };
		74EFF0FD1B7B7C370016B847 /* Images.xcassets in Resources */ = {isa = PBXBuildFile; fileRef = 74EFF0FC1B7B7C370016B847 /* Images.xcassets */; };
		74EFF1001B7B7C370016B847 /* LaunchScreen.xib in Resources */ = {isa = PBXBuildFile; fileRef = 74EFF0FE1B7B7C370016B847 /* LaunchScreen.xib */; };
		74EFF10C1B7B7C370016B847 /* IronTunesTests.m in Sources */ = {isa = PBXBuildFile; fileRef = 74EFF10B1B7B7C370016B847 /* IronTunesTests.m */; };
		74EFF1171B7B7F020016B847 /* NowPlayingViewController.m in Sources */ = {isa = PBXBuildFile; fileRef = 74EFF1161B7B7F020016B847 /* NowPlayingViewController.m */; };
		74EFF1191B7B88110016B847 /* CannedHeat.mp3 in Resources */ = {isa = PBXBuildFile; fileRef = 74EFF1181B7B88110016B847 /* CannedHeat.mp3 */; };
/* End PBXBuildFile section */

/* Begin PBXContainerItemProxy section */
		74EFF1061B7B7C370016B847 /* PBXContainerItemProxy */ = {
			isa = PBXContainerItemProxy;
			containerPortal = 74EFF0E41B7B7C370016B847 /* Project object */;
			proxyType = 1;
			remoteGlobalIDString = 74EFF0EB1B7B7C370016B847;
			remoteInfo = IronTunes;
		};
/* End PBXContainerItemProxy section */

/* Begin PBXFileReference section */
		74E195EE1BD81BAA0048B6F8 /* dubstep.mp3 */ = {isa = PBXFileReference; lastKnownFileType = audio.mp3; path = dubstep.mp3; sourceTree = "<group>"; };
		74E195EF1BD81BAA0048B6F8 /* happiness.mp3 */ = {isa = PBXFileReference; lastKnownFileType = audio.mp3; path = happiness.mp3; sourceTree = "<group>"; };
		74E195F01BD81BAA0048B6F8 /* groovyhiphop.mp3 */ = {isa = PBXFileReference; lastKnownFileType = audio.mp3; path = groovyhiphop.mp3; sourceTree = "<group>"; };
		74E195F11BD81BAA0048B6F8 /* funkysuspense.mp3 */ = {isa = PBXFileReference; lastKnownFileType = audio.mp3; path = funkysuspense.mp3; sourceTree = "<group>"; };
		74E195F21BD81BAA0048B6F8 /* actionable.mp3 */ = {isa = PBXFileReference; lastKnownFileType = audio.mp3; path = actionable.mp3; sourceTree = "<group>"; };
		74EFF0EC1B7B7C370016B847 /* IronTunes.app */ = {isa = PBXFileReference; explicitFileType = wrapper.application; includeInIndex = 0; path = IronTunes.app; sourceTree = BUILT_PRODUCTS_DIR; };
		74EFF0F01B7B7C370016B847 /* Info.plist */ = {isa = PBXFileReference; lastKnownFileType = text.plist.xml; path = Info.plist; sourceTree = "<group>"; };
		74EFF0F11B7B7C370016B847 /* main.m */ = {isa = PBXFileReference; lastKnownFileType = sourcecode.c.objc; path = main.m; sourceTree = "<group>"; };
		74EFF0F31B7B7C370016B847 /* AppDelegate.h */ = {isa = PBXFileReference; lastKnownFileType = sourcecode.c.h; path = AppDelegate.h; sourceTree = "<group>"; };
		74EFF0F41B7B7C370016B847 /* AppDelegate.m */ = {isa = PBXFileReference; lastKnownFileType = sourcecode.c.objc; path = AppDelegate.m; sourceTree = "<group>"; };
		74EFF0FA1B7B7C370016B847 /* Base */ = {isa = PBXFileReference; lastKnownFileType = file.storyboard; name = Base; path = Base.lproj/Main.storyboard; sourceTree = "<group>"; };
		74EFF0FC1B7B7C370016B847 /* Images.xcassets */ = {isa = PBXFileReference; lastKnownFileType = folder.assetcatalog; path = Images.xcassets; sourceTree = "<group>"; };
		74EFF0FF1B7B7C370016B847 /* Base */ = {isa = PBXFileReference; lastKnownFileType = file.xib; name = Base; path = Base.lproj/LaunchScreen.xib; sourceTree = "<group>"; };
		74EFF1051B7B7C370016B847 /* IronTunesTests.xctest */ = {isa = PBXFileReference; explicitFileType = wrapper.cfbundle; includeInIndex = 0; path = IronTunesTests.xctest; sourceTree = BUILT_PRODUCTS_DIR; };
		74EFF10A1B7B7C370016B847 /* Info.plist */ = {isa = PBXFileReference; lastKnownFileType = text.plist.xml; path = Info.plist; sourceTree = "<group>"; };
		74EFF10B1B7B7C370016B847 /* IronTunesTests.m */ = {isa = PBXFileReference; lastKnownFileType = sourcecode.c.objc; path = IronTunesTests.m; sourceTree = "<group>"; };
		74EFF1151B7B7F020016B847 /* NowPlayingViewController.h */ = {isa = PBXFileReference; fileEncoding = 4; lastKnownFileType = sourcecode.c.h; path = NowPlayingViewController.h; sourceTree = "<group>"; };
		74EFF1161B7B7F020016B847 /* NowPlayingViewController.m */ = {isa = PBXFileReference; fileEncoding = 4; lastKnownFileType = sourcecode.c.objc; path = NowPlayingViewController.m; sourceTree = "<group>"; };
		74EFF1181B7B88110016B847 /* CannedHeat.mp3 */ = {isa = PBXFileReference; lastKnownFileType = audio.mp3; path = CannedHeat.mp3; sourceTree = "<group>"; };
/* End PBXFileReference section */

/* Begin PBXFrameworksBuildPhase section */
		74EFF0E91B7B7C370016B847 /* Frameworks */ = {
			isa = PBXFrameworksBuildPhase;
			buildActionMask = 2147483647;
			files = (
			);
			runOnlyForDeploymentPostprocessing = 0;
		};
		74EFF1021B7B7C370016B847 /* Frameworks */ = {
			isa = PBXFrameworksBuildPhase;
			buildActionMask = 2147483647;
			files = (
			);
			runOnlyForDeploymentPostprocessing = 0;
		};
/* End PBXFrameworksBuildPhase section */

/* Begin PBXGroup section */
		74E195F81BD81BBA0048B6F8 /* Songs */ = {
			isa = PBXGroup;
			children = (
				74EFF1181B7B88110016B847 /* CannedHeat.mp3 */,
				74E195EE1BD81BAA0048B6F8 /* dubstep.mp3 */,
				74E195EF1BD81BAA0048B6F8 /* happiness.mp3 */,
				74E195F01BD81BAA0048B6F8 /* groovyhiphop.mp3 */,
				74E195F11BD81BAA0048B6F8 /* funkysuspense.mp3 */,
				74E195F21BD81BAA0048B6F8 /* actionable.mp3 */,
			);
			name = Songs;
			sourceTree = "<group>";
		};
		74EFF0E31B7B7C370016B847 = {
			isa = PBXGroup;
			children = (
				74EFF0EE1B7B7C370016B847 /* IronTunes */,
				74EFF1081B7B7C370016B847 /* IronTunesTests */,
				74EFF0ED1B7B7C370016B847 /* Products */,
			);
			sourceTree = "<group>";
		};
		74EFF0ED1B7B7C370016B847 /* Products */ = {
			isa = PBXGroup;
			children = (
				74EFF0EC1B7B7C370016B847 /* IronTunes.app */,
				74EFF1051B7B7C370016B847 /* IronTunesTests.xctest */,
			);
			name = Products;
			sourceTree = "<group>";
		};
		74EFF0EE1B7B7C370016B847 /* IronTunes */ = {
			isa = PBXGroup;
			children = (
				74EFF0F31B7B7C370016B847 /* AppDelegate.h */,
				74EFF0F41B7B7C370016B847 /* AppDelegate.m */,
				74EFF1151B7B7F020016B847 /* NowPlayingViewController.h */,
				74EFF1161B7B7F020016B847 /* NowPlayingViewController.m */,
				74EFF0F91B7B7C370016B847 /* Main.storyboard */,
				74EFF0FC1B7B7C370016B847 /* Images.xcassets */,
				74EFF0FE1B7B7C370016B847 /* LaunchScreen.xib */,
				74E195F81BD81BBA0048B6F8 /* Songs */,
				74EFF0EF1B7B7C370016B847 /* Supporting Files */,
			);
			path = IronTunes;
			sourceTree = "<group>";
		};
		74EFF0EF1B7B7C370016B847 /* Supporting Files */ = {
			isa = PBXGroup;
			children = (
				74EFF0F01B7B7C370016B847 /* Info.plist */,
				74EFF0F11B7B7C370016B847 /* main.m */,
			);
			name = "Supporting Files";
			sourceTree = "<group>";
		};
		74EFF1081B7B7C370016B847 /* IronTunesTests */ = {
			isa = PBXGroup;
			children = (
				74EFF10B1B7B7C370016B847 /* IronTunesTests.m */,
				74EFF1091B7B7C370016B847 /* Supporting Files */,
			);
			path = IronTunesTests;
			sourceTree = "<group>";
		};
		74EFF1091B7B7C370016B847 /* Supporting Files */ = {
			isa = PBXGroup;
			children = (
				74EFF10A1B7B7C370016B847 /* Info.plist */,
			);
			name = "Supporting Files";
			sourceTree = "<group>";
		};
/* End PBXGroup section */

/* Begin PBXNativeTarget section */
		74EFF0EB1B7B7C370016B847 /* IronTunes */ = {
			isa = PBXNativeTarget;
			buildConfigurationList = 74EFF10F1B7B7C370016B847 /* Build configuration list for PBXNativeTarget "IronTunes" */;
			buildPhases = (
				74EFF0E81B7B7C370016B847 /* Sources */,
				74EFF0E91B7B7C370016B847 /* Frameworks */,
				74EFF0EA1B7B7C370016B847 /* Resources */,
			);
			buildRules = (
			);
			dependencies = (
			);
			name = IronTunes;
			productName = IronTunes;
			productReference = 74EFF0EC1B7B7C370016B847 /* IronTunes.app */;
			productType = "com.apple.product-type.application";
		};
		74EFF1041B7B7C370016B847 /* IronTunesTests */ = {
			isa = PBXNativeTarget;
			buildConfigurationList = 74EFF1121B7B7C370016B847 /* Build configuration list for PBXNativeTarget "IronTunesTests" */;
			buildPhases = (
				74EFF1011B7B7C370016B847 /* Sources */,
				74EFF1021B7B7C370016B847 /* Frameworks */,
				74EFF1031B7B7C370016B847 /* Resources */,
			);
			buildRules = (
			);
			dependencies = (
				74EFF1071B7B7C370016B847 /* PBXTargetDependency */,
			);
			name = IronTunesTests;
			productName = IronTunesTests;
			productReference = 74EFF1051B7B7C370016B847 /* IronTunesTests.xctest */;
			productType = "com.apple.product-type.bundle.unit-test";
		};
/* End PBXNativeTarget section */

/* Begin PBXProject section */
		74EFF0E41B7B7C370016B847 /* Project object */ = {
			isa = PBXProject;
			attributes = {
				LastUpgradeCheck = 0640;
				ORGANIZATIONNAME = "John Holsapple -- The Iron Yard";
				TargetAttributes = {
					74EFF0EB1B7B7C370016B847 = {
						CreatedOnToolsVersion = 6.4;
					};
					74EFF1041B7B7C370016B847 = {
						CreatedOnToolsVersion = 6.4;
						TestTargetID = 74EFF0EB1B7B7C370016B847;
					};
				};
			};
			buildConfigurationList = 74EFF0E71B7B7C370016B847 /* Build configuration list for PBXProject "IronTunes" */;
			compatibilityVersion = "Xcode 3.2";
			developmentRegion = English;
			hasScannedForEncodings = 0;
			knownRegions = (
				en,
				Base,
			);
			mainGroup = 74EFF0E31B7B7C370016B847;
			productRefGroup = 74EFF0ED1B7B7C370016B847 /* Products */;
			projectDirPath = "";
			projectRoot = "";
			targets = (
				74EFF0EB1B7B7C370016B847 /* IronTunes */,
				74EFF1041B7B7C370016B847 /* IronTunesTests */,
			);
		};
/* End PBXProject section */

/* Begin PBXResourcesBuildPhase section */
		74EFF0EA1B7B7C370016B847 /* Resources */ = {
			isa = PBXResourcesBuildPhase;
			buildActionMask = 2147483647;
			files = (
				74EFF0FB1B7B7C370016B847 /* Main.storyboard in Resources */,
				74E195F31BD81BAA0048B6F8 /* dubstep.mp3 in Resources */,
				74E195F61BD81BAA0048B6F8 /* funkysuspense.mp3 in Resources */,
				74EFF1001B7B7C370016B847 /* LaunchScreen.xib in Resources */,
				74EFF0FD1B7B7C370016B847 /* Images.xcassets in Resources */,
				74E195F41BD81BAA0048B6F8 /* happiness.mp3 in Resources */,
				74E195F71BD81BAA0048B6F8 /* actionable.mp3 in Resources */,
				74EFF1191B7B88110016B847 /* CannedHeat.mp3 in Resources */,
				74E195F51BD81BAA0048B6F8 /* groovyhiphop.mp3 in Resources */,
			);
			runOnlyForDeploymentPostprocessing = 0;
		};
		74EFF1031B7B7C370016B847 /* Resources */ = {
			isa = PBXResourcesBuildPhase;
			buildActionMask = 2147483647;
			files = (
			);
			runOnlyForDeploymentPostprocessing = 0;
		};
/* End PBXResourcesBuildPhase section */

/* Begin PBXSourcesBuildPhase section */
		74EFF0E81B7B7C370016B847 /* Sources */ = {
			isa = PBXSourcesBuildPhase;
			buildActionMask = 2147483647;
			files = (
				74EFF1171B7B7F020016B847 /* NowPlayingViewController.m in Sources */,
				74EFF0F51B7B7C370016B847 /* AppDelegate.m in Sources */,
				74EFF0F21B7B7C370016B847 /* main.m in Sources */,
			);
			runOnlyForDeploymentPostprocessing = 0;
		};
		74EFF1011B7B7C370016B847 /* Sources */ = {
			isa = PBXSourcesBuildPhase;
			buildActionMask = 2147483647;
			files = (
				74EFF10C1B7B7C370016B847 /* IronTunesTests.m in Sources */,
			);
			runOnlyForDeploymentPostprocessing = 0;
		};
/* End PBXSourcesBuildPhase section */

/* Begin PBXTargetDependency section */
		74EFF1071B7B7C370016B847 /* PBXTargetDependency */ = {
			isa = PBXTargetDependency;
			target = 74EFF0EB1B7B7C370016B847 /* IronTunes */;
			targetProxy = 74EFF1061B7B7C370016B847 /* PBXContainerItemProxy */;
		};
/* End PBXTargetDependency section */

/* Begin PBXVariantGroup section */
		74EFF0F91B7B7C370016B847 /* Main.storyboard */ = {
			isa = PBXVariantGroup;
			children = (
				74EFF0FA1B7B7C370016B847 /* Base */,
			);
			name = Main.storyboard;
			sourceTree = "<group>";
		};
		74EFF0FE1B7B7C370016B847 /* LaunchScreen.xib */ = {
			isa = PBXVariantGroup;
			children = (
				74EFF0FF1B7B7C370016B847 /* Base */,
			);
			name = LaunchScreen.xib;
			sourceTree = "<group>";
		};
/* End PBXVariantGroup section */

/* Begin XCBuildConfiguration section */
		74EFF10D1B7B7C370016B847 /* Debug */ = {
			isa = XCBuildConfiguration;
			buildSettings = {
				ALWAYS_SEARCH_USER_PATHS = NO;
				CLANG_CXX_LANGUAGE_STANDARD = "gnu++0x";
				CLANG_CXX_LIBRARY = "libc++";
				CLANG_ENABLE_MODULES = YES;
				CLANG_ENABLE_OBJC_ARC = YES;
				CLANG_WARN_BOOL_CONVERSION = YES;
				CLANG_WARN_CONSTANT_CONVERSION = YES;
				CLANG_WARN_DIRECT_OBJC_ISA_USAGE = YES_ERROR;
				CLANG_WARN_EMPTY_BODY = YES;
				CLANG_WARN_ENUM_CONVERSION = YES;
				CLANG_WARN_INT_CONVERSION = YES;
				CLANG_WARN_OBJC_ROOT_CLASS = YES_ERROR;
				CLANG_WARN_UNREACHABLE_CODE = YES;
				CLANG_WARN__DUPLICATE_METHOD_MATCH = YES;
				"CODE_SIGN_IDENTITY[sdk=iphoneos*]" = "iPhone Developer";
				COPY_PHASE_STRIP = NO;
				DEBUG_INFORMATION_FORMAT = "dwarf-with-dsym";
				ENABLE_STRICT_OBJC_MSGSEND = YES;
				GCC_C_LANGUAGE_STANDARD = gnu99;
				GCC_DYNAMIC_NO_PIC = NO;
				GCC_NO_COMMON_BLOCKS = YES;
				GCC_OPTIMIZATION_LEVEL = 0;
				GCC_PREPROCESSOR_DEFINITIONS = (
					"DEBUG=1",
					"$(inherited)",
				);
				GCC_SYMBOLS_PRIVATE_EXTERN = NO;
				GCC_WARN_64_TO_32_BIT_CONVERSION = YES;
				GCC_WARN_ABOUT_RETURN_TYPE = YES_ERROR;
				GCC_WARN_UNDECLARED_SELECTOR = YES;
				GCC_WARN_UNINITIALIZED_AUTOS = YES_AGGRESSIVE;
				GCC_WARN_UNUSED_FUNCTION = YES;
				GCC_WARN_UNUSED_VARIABLE = YES;
				IPHONEOS_DEPLOYMENT_TARGET = 8.4;
				MTL_ENABLE_DEBUG_INFO = YES;
				ONLY_ACTIVE_ARCH = YES;
				SDKROOT = iphoneos;
			};
			name = Debug;
		};
		74EFF10E1B7B7C370016B847 /* Release */ = {
			isa = XCBuildConfiguration;
			buildSettings = {
				ALWAYS_SEARCH_USER_PATHS = NO;
				CLANG_CXX_LANGUAGE_STANDARD = "gnu++0x";
				CLANG_CXX_LIBRARY = "libc++";
				CLANG_ENABLE_MODULES = YES;
				CLANG_ENABLE_OBJC_ARC = YES;
				CLANG_WARN_BOOL_CONVERSION = YES;
				CLANG_WARN_CONSTANT_CONVERSION = YES;
				CLANG_WARN_DIRECT_OBJC_ISA_USAGE = YES_ERROR;
				CLANG_WARN_EMPTY_BODY = YES;
				CLANG_WARN_ENUM_CONVERSION = YES;
				CLANG_WARN_INT_CONVERSION = YES;
				CLANG_WARN_OBJC_ROOT_CLASS = YES_ERROR;
				CLANG_WARN_UNREACHABLE_CODE = YES;
				CLANG_WARN__DUPLICATE_METHOD_MATCH = YES;
				"CODE_SIGN_IDENTITY[sdk=iphoneos*]" = "iPhone Developer";
				COPY_PHASE_STRIP = NO;
				DEBUG_INFORMATION_FORMAT = "dwarf-with-dsym";
				ENABLE_NS_ASSERTIONS = NO;
				ENABLE_STRICT_OBJC_MSGSEND = YES;
				GCC_C_LANGUAGE_STANDARD = gnu99;
				GCC_NO_COMMON_BLOCKS = YES;
				GCC_WARN_64_TO_32_BIT_CONVERSION = YES;
				GCC_WARN_ABOUT_RETURN_TYPE = YES_ERROR;
				GCC_WARN_UNDECLARED_SELECTOR = YES;
				GCC_WARN_UNINITIALIZED_AUTOS = YES_AGGRESSIVE;
				GCC_WARN_UNUSED_FUNCTION = YES;
				GCC_WARN_UNUSED_VARIABLE = YES;
				IPHONEOS_DEPLOYMENT_TARGET = 8.4;
				MTL_ENABLE_DEBUG_INFO = NO;
				SDKROOT = iphoneos;
				VALIDATE_PRODUCT = YES;
			};
			name = Release;
		};
		74EFF1101B7B7C370016B847 /* Debug */ = {
			isa = XCBuildConfiguration;
			buildSettings = {
				ASSETCATALOG_COMPILER_APPICON_NAME = AppIcon;
				INFOPLIST_FILE = IronTunes/Info.plist;
				LD_RUNPATH_SEARCH_PATHS = "$(inherited) @executable_path/Frameworks";
				PRODUCT_NAME = "$(TARGET_NAME)";
			};
			name = Debug;
		};
		74EFF1111B7B7C370016B847 /* Release */ = {
			isa = XCBuildConfiguration;
			buildSettings = {
				ASSETCATALOG_COMPILER_APPICON_NAME = AppIcon;
				INFOPLIST_FILE = IronTunes/Info.plist;
				LD_RUNPATH_SEARCH_PATHS = "$(inherited) @executable_path/Frameworks";
				PRODUCT_NAME = "$(TARGET_NAME)";
			};
			name = Release;
		};
		74EFF1131B7B7C370016B847 /* Debug */ = {
			isa = XCBuildConfiguration;
			buildSettings = {
				BUNDLE_LOADER = "$(TEST_HOST)";
				FRAMEWORK_SEARCH_PATHS = (
					"$(SDKROOT)/Developer/Library/Frameworks",
					"$(inherited)",
				);
				GCC_PREPROCESSOR_DEFINITIONS = (
					"DEBUG=1",
					"$(inherited)",
				);
				INFOPLIST_FILE = IronTunesTests/Info.plist;
				LD_RUNPATH_SEARCH_PATHS = "$(inherited) @executable_path/Frameworks @loader_path/Frameworks";
				PRODUCT_NAME = "$(TARGET_NAME)";
				TEST_HOST = "$(BUILT_PRODUCTS_DIR)/IronTunes.app/IronTunes";
			};
			name = Debug;
		};
		74EFF1141B7B7C370016B847 /* Release */ = {
			isa = XCBuildConfiguration;
			buildSettings = {
				BUNDLE_LOADER = "$(TEST_HOST)";
				FRAMEWORK_SEARCH_PATHS = (
					"$(SDKROOT)/Developer/Library/Frameworks",
					"$(inherited)",
				);
				INFOPLIST_FILE = IronTunesTests/Info.plist;
				LD_RUNPATH_SEARCH_PATHS = "$(inherited) @executable_path/Frameworks @loader_path/Frameworks";
				PRODUCT_NAME = "$(TARGET_NAME)";
				TEST_HOST = "$(BUILT_PRODUCTS_DIR)/IronTunes.app/IronTunes";
			};
			name = Release;
		};
/* End XCBuildConfiguration section */

/* Begin XCConfigurationList section */
		74EFF0E71B7B7C370016B847 /* Build configuration list for PBXProject "IronTunes" */ = {
			isa = XCConfigurationList;
			buildConfigurations = (
				74EFF10D1B7B7C370016B847 /* Debug */,
				74EFF10E1B7B7C370016B847 /* Release */,
			);
			defaultConfigurationIsVisible = 0;
			defaultConfigurationName = Release;
		};
		74EFF10F1B7B7C370016B847 /* Build configuration list for PBXNativeTarget "IronTunes" */ = {
			isa = XCConfigurationList;
			buildConfigurations = (
				74EFF1101B7B7C370016B847 /* Debug */,
				74EFF1111B7B7C370016B847 /* Release */,
			);
			defaultConfigurationIsVisible = 0;
			defaultConfigurationName = Release;
		};
		74EFF1121B7B7C370016B847 /* Build configuration list for PBXNativeTarget "IronTunesTests" */ = {
			isa = XCConfigurationList;
			buildConfigurations = (
				74EFF1131B7B7C370016B847 /* Debug */,
				74EFF1141B7B7C370016B847 /* Release */,
			);
			defaultConfigurationIsVisible = 0;
			defaultConfigurationName = Release;
		};
/* End XCConfigurationList section */
	};
	rootObject = 74EFF0E41B7B7C370016B847 /* Project object */;
}
